
Microsoft Visual Studio Solution File, Format Version 11.00
# Visual Studio 2010
Project("{2150E333-8FDC-42A3-9474-1A3956D46DE8}") = "Dependencies", "Dependencies", "{06E52D1A-CD11-4ED6-BD62-BD21B75DE1F8}"
EndProject
Project("{2150E333-8FDC-42A3-9474-1A3956D46DE8}") = "Readme", "Readme", "{111BB58A-E12B-4647-970F-64B6DE9CA154}"
	ProjectSection(SolutionItems) = preProject
		SPECIFIC\Windows\readme.txt = SPECIFIC\Windows\readme.txt
	EndProjectSection
EndProject
Project("{2150E333-8FDC-42A3-9474-1A3956D46DE8}") = "PORTAUDIO", "PORTAUDIO", "{7C859DBC-4EEB-4332-9890-7B75DB087ED1}"
EndProject
Project("{8BC9CEB8-8B4A-11D0-8D11-00A0C91BC942}") = "zynaddsubfx_vst", "zynaddsubfx_vst.vcxproj", "{A20F9065-A7B3-47A8-B84F-FFB7C7722D8D}"
EndProject
Project("{8BC9CEB8-8B4A-11D0-8D11-00A0C91BC942}") = "pthread", "..\..\DEPENDENCIES\PTHREAD\pthread.vcxproj", "{91773E86-6430-45AC-9D8B-C9078230CB08}"
EndProject
Project("{8BC9CEB8-8B4A-11D0-8D11-00A0C91BC942}") = "zlib", "..\..\DEPENDENCIES\ZLIB\zlib.vcxproj", "{79907B6E-2E78-4A89-93BD-B2F530952BEE}"
EndProject
Project("{8BC9CEB8-8B4A-11D0-8D11-00A0C91BC942}") = "mxml", "..\..\DEPENDENCIES\MXML\mxml.vcxproj", "{DD15B4E4-FF04-4D0F-9AD4-7CAEAD3B47D7}"
EndProject
Project("{8BC9CEB8-8B4A-11D0-8D11-00A0C91BC942}") = "fftw", "..\..\DEPENDENCIES\FFTW\fftw.vcxproj", "{2946F517-CCED-4AAB-AD63-EC7F184EB4A4}"
EndProject
Project("{8BC9CEB8-8B4A-11D0-8D11-00A0C91BC942}") = "portaudio_ds", "..\..\DEPENDENCIES\PORTAUDIO\portaudio_ds.vcxproj", "{9C8DE35F-E550-4F53-8917-CF3AC06E1752}"
EndProject
Project("{8BC9CEB8-8B4A-11D0-8D11-00A0C91BC942}") = "png", "..\..\DEPENDENCIES\PNG\png.vcxproj", "{4725BB7C-B1AD-415D-A7FD-87CD2CACBA97}"
EndProject
Project("{8BC9CEB8-8B4A-11D0-8D11-00A0C91BC942}") = "portaudio_mme", "..\..\DEPENDENCIES\PORTAUDIO\portaudio_mme.vcxproj", "{EBD9F063-20DF-45FA-8240-4AE6048DDE95}"
EndProject
Project("{8BC9CEB8-8B4A-11D0-8D11-00A0C91BC942}") = "portaudio_asio", "..\..\DEPENDENCIES\PORTAUDIO\portaudio_asio.vcxproj", "{53F5A259-1778-4BCC-BF68-64E935D4DE9C}"
EndProject
Project("{8BC9CEB8-8B4A-11D0-8D11-00A0C91BC942}") = "portaudio", "..\..\DEPENDENCIES\PORTAUDIO\portaudio.vcxproj", "{B29F3785-69F7-46EA-8870-4AC18B3F46E2}"
EndProject
Project("{8BC9CEB8-8B4A-11D0-8D11-00A0C91BC942}") = "jpeg", "..\..\DEPENDENCIES\JPEG\jpeg.vcxproj", "{721C4E96-6306-411B-8A68-DFDF688ADDAB}"
EndProject
Project("{8BC9CEB8-8B4A-11D0-8D11-00A0C91BC942}") = "portmidi", "..\..\DEPENDENCIES\PORTMIDI\portmidi.vcxproj", "{390C8EA6-630B-4BB9-B29A-91180E7F3F14}"
EndProject
Project("{8BC9CEB8-8B4A-11D0-8D11-00A0C91BC942}") = "fltk", "..\..\DEPENDENCIES\FLTK\fltk.vcxproj", "{E9547BDE-4AEA-4539-AB23-578A51D3210F}"
EndProject
Project("{8BC9CEB8-8B4A-11D0-8D11-00A0C91BC942}") = "vsthost", "..\..\..\..\vsthostsrc\vsthost23.vcproj", "{0733A13B-93F4-4569-AFFD-BD04BE1AA8F3}"
EndProject
Global
	GlobalSection(SolutionConfigurationPlatforms) = preSolution
		Debug|Win32 = Debug|Win32
		Release Trace|Win32 = Release Trace|Win32
		Release|Win32 = Release|Win32
	EndGlobalSection
	GlobalSection(ProjectConfigurationPlatforms) = postSolution
		{A20F9065-A7B3-47A8-B84F-FFB7C7722D8D}.Debug|Win32.ActiveCfg = Debug|Win32
		{A20F9065-A7B3-47A8-B84F-FFB7C7722D8D}.Debug|Win32.Build.0 = Debug|Win32
		{A20F9065-A7B3-47A8-B84F-FFB7C7722D8D}.Release Trace|Win32.ActiveCfg = Release|Win32
		{A20F9065-A7B3-47A8-B84F-FFB7C7722D8D}.Release Trace|Win32.Build.0 = Release|Win32
		{A20F9065-A7B3-47A8-B84F-FFB7C7722D8D}.Release|Win32.ActiveCfg = Release|Win32
		{A20F9065-A7B3-47A8-B84F-FFB7C7722D8D}.Release|Win32.Build.0 = Release|Win32
		{91773E86-6430-45AC-9D8B-C9078230CB08}.Debug|Win32.ActiveCfg = Debug|Win32
		{91773E86-6430-45AC-9D8B-C9078230CB08}.Debug|Win32.Build.0 = Debug|Win32
		{91773E86-6430-45AC-9D8B-C9078230CB08}.Release Trace|Win32.ActiveCfg = Release|Win32
		{91773E86-6430-45AC-9D8B-C9078230CB08}.Release Trace|Win32.Build.0 = Release|Win32
		{91773E86-6430-45AC-9D8B-C9078230CB08}.Release|Win32.ActiveCfg = Release|Win32
		{91773E86-6430-45AC-9D8B-C9078230CB08}.Release|Win32.Build.0 = Release|Win32
		{79907B6E-2E78-4A89-93BD-B2F530952BEE}.Debug|Win32.ActiveCfg = Debug|Win32
		{79907B6E-2E78-4A89-93BD-B2F530952BEE}.Debug|Win32.Build.0 = Debug|Win32
		{79907B6E-2E78-4A89-93BD-B2F530952BEE}.Release Trace|Win32.ActiveCfg = Release|Win32
		{79907B6E-2E78-4A89-93BD-B2F530952BEE}.Release Trace|Win32.Build.0 = Release|Win32
		{79907B6E-2E78-4A89-93BD-B2F530952BEE}.Release|Win32.ActiveCfg = Release|Win32
		{79907B6E-2E78-4A89-93BD-B2F530952BEE}.Release|Win32.Build.0 = Release|Win32
		{DD15B4E4-FF04-4D0F-9AD4-7CAEAD3B47D7}.Debug|Win32.ActiveCfg = Debug|Win32
		{DD15B4E4-FF04-4D0F-9AD4-7CAEAD3B47D7}.Debug|Win32.Build.0 = Debug|Win32
		{DD15B4E4-FF04-4D0F-9AD4-7CAEAD3B47D7}.Release Trace|Win32.ActiveCfg = Release|Win32
		{DD15B4E4-FF04-4D0F-9AD4-7CAEAD3B47D7}.Release Trace|Win32.Build.0 = Release|Win32
		{DD15B4E4-FF04-4D0F-9AD4-7CAEAD3B47D7}.Release|Win32.ActiveCfg = Release|Win32
		{DD15B4E4-FF04-4D0F-9AD4-7CAEAD3B47D7}.Release|Win32.Build.0 = Release|Win32
		{2946F517-CCED-4AAB-AD63-EC7F184EB4A4}.Debug|Win32.ActiveCfg = Debug|Win32
		{2946F517-CCED-4AAB-AD63-EC7F184EB4A4}.Debug|Win32.Build.0 = Debug|Win32
		{2946F517-CCED-4AAB-AD63-EC7F184EB4A4}.Release Trace|Win32.ActiveCfg = Release|Win32
		{2946F517-CCED-4AAB-AD63-EC7F184EB4A4}.Release Trace|Win32.Build.0 = Release|Win32
		{2946F517-CCED-4AAB-AD63-EC7F184EB4A4}.Release|Win32.ActiveCfg = Release|Win32
		{2946F517-CCED-4AAB-AD63-EC7F184EB4A4}.Release|Win32.Build.0 = Release|Win32
		{9C8DE35F-E550-4F53-8917-CF3AC06E1752}.Debug|Win32.ActiveCfg = Debug|Win32
		{9C8DE35F-E550-4F53-8917-CF3AC06E1752}.Debug|Win32.Build.0 = Debug|Win32
		{9C8DE35F-E550-4F53-8917-CF3AC06E1752}.Release Trace|Win32.ActiveCfg = Release|Win32
		{9C8DE35F-E550-4F53-8917-CF3AC06E1752}.Release Trace|Win32.Build.0 = Release|Win32
		{9C8DE35F-E550-4F53-8917-CF3AC06E1752}.Release|Win32.ActiveCfg = Release|Win32
		{9C8DE35F-E550-4F53-8917-CF3AC06E1752}.Release|Win32.Build.0 = Release|Win32
		{4725BB7C-B1AD-415D-A7FD-87CD2CACBA97}.Debug|Win32.ActiveCfg = Debug|Win32
		{4725BB7C-B1AD-415D-A7FD-87CD2CACBA97}.Debug|Win32.Build.0 = Debug|Win32
		{4725BB7C-B1AD-415D-A7FD-87CD2CACBA97}.Release Trace|Win32.ActiveCfg = Release|Win32
		{4725BB7C-B1AD-415D-A7FD-87CD2CACBA97}.Release Trace|Win32.Build.0 = Release|Win32
		{4725BB7C-B1AD-415D-A7FD-87CD2CACBA97}.Release|Win32.ActiveCfg = Release|Win32
		{4725BB7C-B1AD-415D-A7FD-87CD2CACBA97}.Release|Win32.Build.0 = Release|Win32
		{EBD9F063-20DF-45FA-8240-4AE6048DDE95}.Debug|Win32.ActiveCfg = Debug|Win32
		{EBD9F063-20DF-45FA-8240-4AE6048DDE95}.Debug|Win32.Build.0 = Debug|Win32
		{EBD9F063-20DF-45FA-8240-4AE6048DDE95}.Release Trace|Win32.ActiveCfg = Release|Win32
		{EBD9F063-20DF-45FA-8240-4AE6048DDE95}.Release Trace|Win32.Build.0 = Release|Win32
		{EBD9F063-20DF-45FA-8240-4AE6048DDE95}.Release|Win32.ActiveCfg = Release|Win32
		{EBD9F063-20DF-45FA-8240-4AE6048DDE95}.Release|Win32.Build.0 = Release|Win32
		{53F5A259-1778-4BCC-BF68-64E935D4DE9C}.Debug|Win32.ActiveCfg = Debug|Win32
		{53F5A259-1778-4BCC-BF68-64E935D4DE9C}.Debug|Win32.Build.0 = Debug|Win32
		{53F5A259-1778-4BCC-BF68-64E935D4DE9C}.Release Trace|Win32.ActiveCfg = Release|Win32
		{53F5A259-1778-4BCC-BF68-64E935D4DE9C}.Release Trace|Win32.Build.0 = Release|Win32
		{53F5A259-1778-4BCC-BF68-64E935D4DE9C}.Release|Win32.ActiveCfg = Release|Win32
		{53F5A259-1778-4BCC-BF68-64E935D4DE9C}.Release|Win32.Build.0 = Release|Win32
		{B29F3785-69F7-46EA-8870-4AC18B3F46E2}.Debug|Win32.ActiveCfg = Debug|Win32
		{B29F3785-69F7-46EA-8870-4AC18B3F46E2}.Debug|Win32.Build.0 = Debug|Win32
		{B29F3785-69F7-46EA-8870-4AC18B3F46E2}.Release Trace|Win32.ActiveCfg = Release|Win32
		{B29F3785-69F7-46EA-8870-4AC18B3F46E2}.Release Trace|Win32.Build.0 = Release|Win32
		{B29F3785-69F7-46EA-8870-4AC18B3F46E2}.Release|Win32.ActiveCfg = Release|Win32
		{B29F3785-69F7-46EA-8870-4AC18B3F46E2}.Release|Win32.Build.0 = Release|Win32
		{721C4E96-6306-411B-8A68-DFDF688ADDAB}.Debug|Win32.ActiveCfg = Debug|Win32
		{721C4E96-6306-411B-8A68-DFDF688ADDAB}.Debug|Win32.Build.0 = Debug|Win32
		{721C4E96-6306-411B-8A68-DFDF688ADDAB}.Release Trace|Win32.ActiveCfg = Release|Win32
		{721C4E96-6306-411B-8A68-DFDF688ADDAB}.Release Trace|Win32.Build.0 = Release|Win32
		{721C4E96-6306-411B-8A68-DFDF688ADDAB}.Release|Win32.ActiveCfg = Release|Win32
		{721C4E96-6306-411B-8A68-DFDF688ADDAB}.Release|Win32.Build.0 = Release|Win32
		{390C8EA6-630B-4BB9-B29A-91180E7F3F14}.Debug|Win32.ActiveCfg = Debug|Win32
		{390C8EA6-630B-4BB9-B29A-91180E7F3F14}.Debug|Win32.Build.0 = Debug|Win32
		{390C8EA6-630B-4BB9-B29A-91180E7F3F14}.Release Trace|Win32.ActiveCfg = Release|Win32
		{390C8EA6-630B-4BB9-B29A-91180E7F3F14}.Release Trace|Win32.Build.0 = Release|Win32
		{390C8EA6-630B-4BB9-B29A-91180E7F3F14}.Release|Win32.ActiveCfg = Release|Win32
		{390C8EA6-630B-4BB9-B29A-91180E7F3F14}.Release|Win32.Build.0 = Release|Win32
		{E9547BDE-4AEA-4539-AB23-578A51D3210F}.Debug|Win32.ActiveCfg = Debug|Win32
		{E9547BDE-4AEA-4539-AB23-578A51D3210F}.Debug|Win32.Build.0 = Debug|Win32
		{E9547BDE-4AEA-4539-AB23-578A51D3210F}.Release Trace|Win32.ActiveCfg = Release|Win32
		{E9547BDE-4AEA-4539-AB23-578A51D3210F}.Release Trace|Win32.Build.0 = Release|Win32
		{E9547BDE-4AEA-4539-AB23-578A51D3210F}.Release|Win32.ActiveCfg = Release|Win32
		{E9547BDE-4AEA-4539-AB23-578A51D3210F}.Release|Win32.Build.0 = Release|Win32
		{0733A13B-93F4-4569-AFFD-BD04BE1AA8F3}.Debug|Win32.ActiveCfg = Debug|Win32
		{0733A13B-93F4-4569-AFFD-BD04BE1AA8F3}.Debug|Win32.Build.0 = Debug|Win32
		{0733A13B-93F4-4569-AFFD-BD04BE1AA8F3}.Release Trace|Win32.ActiveCfg = Release Trace|Win32
		{0733A13B-93F4-4569-AFFD-BD04BE1AA8F3}.Release Trace|Win32.Build.0 = Release Trace|Win32
		{0733A13B-93F4-4569-AFFD-BD04BE1AA8F3}.Release|Win32.ActiveCfg = Release|Win32
		{0733A13B-93F4-4569-AFFD-BD04BE1AA8F3}.Release|Win32.Build.0 = Release|Win32
	EndGlobalSection
	GlobalSection(SolutionProperties) = preSolution
		HideSolutionNode = FALSE
	EndGlobalSection
	GlobalSection(NestedProjects) = preSolution
		{7C859DBC-4EEB-4332-9890-7B75DB087ED1} = {06E52D1A-CD11-4ED6-BD62-BD21B75DE1F8}
		{91773E86-6430-45AC-9D8B-C9078230CB08} = {06E52D1A-CD11-4ED6-BD62-BD21B75DE1F8}
		{79907B6E-2E78-4A89-93BD-B2F530952BEE} = {06E52D1A-CD11-4ED6-BD62-BD21B75DE1F8}
		{DD15B4E4-FF04-4D0F-9AD4-7CAEAD3B47D7} = {06E52D1A-CD11-4ED6-BD62-BD21B75DE1F8}
		{2946F517-CCED-4AAB-AD63-EC7F184EB4A4} = {06E52D1A-CD11-4ED6-BD62-BD21B75DE1F8}
		{4725BB7C-B1AD-415D-A7FD-87CD2CACBA97} = {06E52D1A-CD11-4ED6-BD62-BD21B75DE1F8}
		{721C4E96-6306-411B-8A68-DFDF688ADDAB} = {06E52D1A-CD11-4ED6-BD62-BD21B75DE1F8}
		{390C8EA6-630B-4BB9-B29A-91180E7F3F14} = {06E52D1A-CD11-4ED6-BD62-BD21B75DE1F8}
		{E9547BDE-4AEA-4539-AB23-578A51D3210F} = {06E52D1A-CD11-4ED6-BD62-BD21B75DE1F8}
		{9C8DE35F-E550-4F53-8917-CF3AC06E1752} = {7C859DBC-4EEB-4332-9890-7B75DB087ED1}
		{EBD9F063-20DF-45FA-8240-4AE6048DDE95} = {7C859DBC-4EEB-4332-9890-7B75DB087ED1}
		{53F5A259-1778-4BCC-BF68-64E935D4DE9C} = {7C859DBC-4EEB-4332-9890-7B75DB087ED1}
		{B29F3785-69F7-46EA-8870-4AC18B3F46E2} = {7C859DBC-4EEB-4332-9890-7B75DB087ED1}
	EndGlobalSection
EndGlobal
